<?xml version="1.0" encoding="utf-8"?>
<Project ToolsVersion="4.0" xmlns="http://schemas.microsoft.com/developer/msbuild/2003">
  <ItemGroup>
    <Filter Include="Engine">
      <UniqueIdentifier>{b1615b9b-2f5a-4ae5-8f6a-51e3dfd73ef1}</UniqueIdentifier>
    </Filter>
    <Filter Include="Engine\Engine">
      <UniqueIdentifier>{a8bb2729-59e7-4086-9dcf-3c1d856ce148}</UniqueIdentifier>
    </Filter>
    <Filter Include="Engine\DAL">
      <UniqueIdentifier>{e90fc674-7bf7-4f88-b48b-7b204906aee0}</UniqueIdentifier>
    </Filter>
    <Filter Include="Engine\DataObjects">
      <UniqueIdentifier>{f41f9994-eeb9-4097-b296-f2c178bb37ee}</UniqueIdentifier>
    </Filter>
    <Filter Include="View">
      <UniqueIdentifier>{4ea296e6-26d0-4d8a-95a6-680ba47c0ff8}</UniqueIdentifier>
    </Filter>
    <Filter Include="View\Resource Files">
      <UniqueIdentifier>{67DA6AB6-F800-4c08-8B7A-83BB121AAD01}</UniqueIdentifier>
      <Extensions>rc;ico;cur;bmp;dlg;rc2;rct;bin;rgs;gif;jpg;jpeg;jpe;resx;tiff;tif;png;wav;mfcribbon-ms</Extensions>
    </Filter>
    <Filter Include="View\Source Files">
      <UniqueIdentifier>{4FC737F1-C7A5-4376-A066-2A32D752A2FF}</UniqueIdentifier>
      <Extensions>cpp;c;cc;cxx;def;odl;idl;hpj;bat;asm;asmx</Extensions>
    </Filter>
    <Filter Include="View\Header Files">
      <UniqueIdentifier>{93995380-89BD-4b04-88EB-625FBE52EBFB}</UniqueIdentifier>
      <Extensions>h;hh;hpp;hxx;hm;inl;inc;ipp;xsd</Extensions>
    </Filter>
    <Filter Include="View\ViewHelpers">
      <UniqueIdentifier>{d35457c7-1ed4-4929-97c2-65bf796a55c2}</UniqueIdentifier>
    </Filter>
    <Filter Include="Engine\Storage">
      <UniqueIdentifier>{5a499c89-0a7a-4aae-be3b-75269b237c70}</UniqueIdentifier>
    </Filter>
    <Filter Include="Engine\HistoryManager">
      <UniqueIdentifier>{0ede2bf4-d41f-4470-a77a-0aa68b0f73e3}</UniqueIdentifier>
    </Filter>
  </ItemGroup>
  <ItemGroup>
    <ClCompile Include="MainForm.cpp">
      <Filter>View\Source Files</Filter>
    </ClCompile>
    <ClCompile Include="..\GameEngine\EngineFacade.cpp">
      <Filter>Engine\Engine</Filter>
    </ClCompile>
    <ClCompile Include="..\GameEngine\RLEHelper.cpp">
      <Filter>Engine\DAL</Filter>
    </ClCompile>
    <ClCompile Include="..\GameEngine\Block.cpp">
      <Filter>Engine\DataObjects</Filter>
    </ClCompile>
    <ClCompile Include="..\GameEngine\Board.cpp">
      <Filter>Engine\DataObjects</Filter>
    </ClCompile>
    <ClCompile Include="main.cpp" />
    <ClCompile Include="DrawingHelper.cpp">
      <Filter>View\ViewHelpers</Filter>
    </ClCompile>
    <ClCompile Include="IStorage.cpp">
      <Filter>Engine\Storage</Filter>
    </ClCompile>
    <ClCompile Include="..\GameEngine\RLEstorage.cpp">
      <Filter>Engine\Storage</Filter>
    </ClCompile>
    <ClCompile Include="BoardMemento.cpp">
      <Filter>Engine\HistoryManager</Filter>
    </ClCompile>
    <ClCompile Include="MementoStorage.cpp">
      <Filter>Engine\HistoryManager</Filter>
    </ClCompile>
  </ItemGroup>
  <ItemGroup>
    <ClInclude Include="MainForm.h">
      <Filter>View\Header Files</Filter>
    </ClInclude>
    <ClInclude Include="..\GameEngine\EngineFacade.h">
      <Filter>Engine\Engine</Filter>
    </ClInclude>
    <ClInclude Include="..\GameEngine\RLEHelper.h">
      <Filter>Engine\DAL</Filter>
    </ClInclude>
    <ClInclude Include="..\GameEngine\Block.h">
      <Filter>Engine\DataObjects</Filter>
    </ClInclude>
    <ClInclude Include="..\GameEngine\Board.h">
      <Filter>Engine\DataObjects</Filter>
    </ClInclude>
    <ClInclude Include="DrawingHelper.h">
      <Filter>View\ViewHelpers</Filter>
    </ClInclude>
    <ClInclude Include="IStorage.h">
      <Filter>Engine\Storage</Filter>
    </ClInclude>
    <ClInclude Include="..\GameEngine\RLEstorage.h">
      <Filter>Engine\Storage</Filter>
    </ClInclude>
    <ClInclude Include="BoardMemento.h">
      <Filter>Engine\HistoryManager</Filter>
    </ClInclude>
    <ClInclude Include="MementoStorage.h">
      <Filter>Engine\HistoryManager</Filter>
    </ClInclude>
  </ItemGroup>
  <ItemGroup>
    <EmbeddedResource Include="MainForm.resx">
      <Filter>View\Resource Files</Filter>
    </EmbeddedResource>
  </ItemGroup>
</Project>